
Microsoft Visual Studio Solution File, Format Version 12.00
# Visual Studio Version 17
VisualStudioVersion = 17.1.32421.90
MinimumVisualStudioVersion = 10.0.40219.1
Project("{9A19103F-16F7-4668-BE54-9A1E7A4F7556}") = "PaymentOrder.AdminPanel", "PaymentOrder.AdminPanel\PaymentOrder.AdminPanel.csproj", "{EC3D93A0-0DB9-4E42-86F3-E768BE203925}"
EndProject
Project("{9A19103F-16F7-4668-BE54-9A1E7A4F7556}") = "PaymentOrder.Core", "PaymentOrder.Core\PaymentOrder.Core.csproj", "{FB71EC74-0EC5-4DED-B9A4-5E2585963389}"
EndProject
Project("{9A19103F-16F7-4668-BE54-9A1E7A4F7556}") = "PaymentOrder.WebAdminPanel", "PaymentOrder.WebAdminPanel\PaymentOrder.WebAdminPanel.csproj", "{88006912-6D5A-4D5F-9B4D-88C7E2E67BC2}"
EndProject
Project("{FAE04EC0-301F-11D3-BF4B-00C04F79EFBC}") = "PaymentOrder.WebApi", "PaymentOrder.WebApi\PaymentOrder.WebApi.csproj", "{B6E76ABB-5FE9-43A3-BCCA-6D8C8F08C234}"
EndProject
Project("{FAE04EC0-301F-11D3-BF4B-00C04F79EFBC}") = "PaymentOrder.WebCore", "PaymentOrder.WebCore\PaymentOrder.WebCore.csproj", "{A4A00840-DAF3-4571-89F2-4F954424304D}"
EndProject
Global
	GlobalSection(SolutionConfigurationPlatforms) = preSolution
		Debug|Any CPU = Debug|Any CPU
		Release|Any CPU = Release|Any CPU
	EndGlobalSection
	GlobalSection(ProjectConfigurationPlatforms) = postSolution
		{EC3D93A0-0DB9-4E42-86F3-E768BE203925}.Debug|Any CPU.ActiveCfg = Debug|Any CPU
		{EC3D93A0-0DB9-4E42-86F3-E768BE203925}.Debug|Any CPU.Build.0 = Debug|Any CPU
		{EC3D93A0-0DB9-4E42-86F3-E768BE203925}.Release|Any CPU.ActiveCfg = Release|Any CPU
		{EC3D93A0-0DB9-4E42-86F3-E768BE203925}.Release|Any CPU.Build.0 = Release|Any CPU
		{FB71EC74-0EC5-4DED-B9A4-5E2585963389}.Debug|Any CPU.ActiveCfg = Debug|Any CPU
		{FB71EC74-0EC5-4DED-B9A4-5E2585963389}.Debug|Any CPU.Build.0 = Debug|Any CPU
		{FB71EC74-0EC5-4DED-B9A4-5E2585963389}.Release|Any CPU.ActiveCfg = Release|Any CPU
		{FB71EC74-0EC5-4DED-B9A4-5E2585963389}.Release|Any CPU.Build.0 = Release|Any CPU
		{88006912-6D5A-4D5F-9B4D-88C7E2E67BC2}.Debug|Any CPU.ActiveCfg = Debug|Any CPU
		{88006912-6D5A-4D5F-9B4D-88C7E2E67BC2}.Debug|Any CPU.Build.0 = Debug|Any CPU
		{88006912-6D5A-4D5F-9B4D-88C7E2E67BC2}.Release|Any CPU.ActiveCfg = Release|Any CPU
		{88006912-6D5A-4D5F-9B4D-88C7E2E67BC2}.Release|Any CPU.Build.0 = Release|Any CPU
		{B6E76ABB-5FE9-43A3-BCCA-6D8C8F08C234}.Debug|Any CPU.ActiveCfg = Debug|Any CPU
		{B6E76ABB-5FE9-43A3-BCCA-6D8C8F08C234}.Debug|Any CPU.Build.0 = Debug|Any CPU
		{B6E76ABB-5FE9-43A3-BCCA-6D8C8F08C234}.Release|Any CPU.ActiveCfg = Release|Any CPU
		{B6E76ABB-5FE9-43A3-BCCA-6D8C8F08C234}.Release|Any CPU.Build.0 = Release|Any CPU
		{A4A00840-DAF3-4571-89F2-4F954424304D}.Debug|Any CPU.ActiveCfg = Debug|Any CPU
		{A4A00840-DAF3-4571-89F2-4F954424304D}.Debug|Any CPU.Build.0 = Debug|Any CPU
		{A4A00840-DAF3-4571-89F2-4F954424304D}.Release|Any CPU.ActiveCfg = Release|Any CPU
		{A4A00840-DAF3-4571-89F2-4F954424304D}.Release|Any CPU.Build.0 = Release|Any CPU
	EndGlobalSection
	GlobalSection(SolutionProperties) = preSolution
		HideSolutionNode = FALSE
	EndGlobalSection
	GlobalSection(ExtensibilityGlobals) = postSolution
		SolutionGuid = {9431EA61-A0E0-413C-BFCC-E3EDAE23F683}
	EndGlobalSection
EndGlobal
